
Microsoft Visual Studio Solution File, Format Version 12.00
Project("{FAE04EC0-301F-11D3-BF4B-00C04F79EFBC}") = "_01_StudentGradeCalculator", "_01_StudentGradeCalculator\_01_StudentGradeCalculator.csproj", "{296075A7-5553-4526-859F-63BCD5C2915C}"
EndProject
Global
	GlobalSection(SolutionConfigurationPlatforms) = preSolution
		Debug|Any CPU = Debug|Any CPU
		Release|Any CPU = Release|Any CPU
	EndGlobalSection
	GlobalSection(ProjectConfigurationPlatforms) = postSolution
		{296075A7-5553-4526-859F-63BCD5C2915C}.Debug|Any CPU.ActiveCfg = Debug|Any CPU
		{296075A7-5553-4526-859F-63BCD5C2915C}.Debug|Any CPU.Build.0 = Debug|Any CPU
		{296075A7-5553-4526-859F-63BCD5C2915C}.Release|Any CPU.ActiveCfg = Release|Any CPU
		{296075A7-5553-4526-859F-63BCD5C2915C}.Release|Any CPU.Build.0 = Release|Any CPU
	EndGlobalSection
EndGlobal
